
Microsoft Visual Studio Solution File, Format Version 12.00
# Visual Studio Version 16
VisualStudioVersion = 16.0.29403.142
MinimumVisualStudioVersion = 10.0.40219.1
Project("{FAE04EC0-301F-11D3-BF4B-00C04F79EFBC}") = "Domaci", "Domaci\Domaci.csproj", "{D28DFAB0-9880-4707-B9C5-78F1AF9D550A}"
EndProject
Project("{FAE04EC0-301F-11D3-BF4B-00C04F79EFBC}") = "Fibonacci", "Fibonacci\Fibonacci.csproj", "{69877404-44DE-4171-82C8-120C1D1BB31C}"
EndProject
Project("{FAE04EC0-301F-11D3-BF4B-00C04F79EFBC}") = "Zadatak4", "Zadatak4\Zadatak4.csproj", "{2C5F03F5-CEA2-466C-A488-148D9270E8BE}"
EndProject
Project("{FAE04EC0-301F-11D3-BF4B-00C04F79EFBC}") = "Zadatak5", "Zadatak5\Zadatak5.csproj", "{A8AFF50C-92BF-4879-A717-0F67F28228B3}"
EndProject
Global
	GlobalSection(SolutionConfigurationPlatforms) = preSolution
		Debug|Any CPU = Debug|Any CPU
		Release|Any CPU = Release|Any CPU
	EndGlobalSection
	GlobalSection(ProjectConfigurationPlatforms) = postSolution
		{D28DFAB0-9880-4707-B9C5-78F1AF9D550A}.Debug|Any CPU.ActiveCfg = Debug|Any CPU
		{D28DFAB0-9880-4707-B9C5-78F1AF9D550A}.Debug|Any CPU.Build.0 = Debug|Any CPU
		{D28DFAB0-9880-4707-B9C5-78F1AF9D550A}.Release|Any CPU.ActiveCfg = Release|Any CPU
		{D28DFAB0-9880-4707-B9C5-78F1AF9D550A}.Release|Any CPU.Build.0 = Release|Any CPU
		{69877404-44DE-4171-82C8-120C1D1BB31C}.Debug|Any CPU.ActiveCfg = Debug|Any CPU
		{69877404-44DE-4171-82C8-120C1D1BB31C}.Debug|Any CPU.Build.0 = Debug|Any CPU
		{69877404-44DE-4171-82C8-120C1D1BB31C}.Release|Any CPU.ActiveCfg = Release|Any CPU
		{69877404-44DE-4171-82C8-120C1D1BB31C}.Release|Any CPU.Build.0 = Release|Any CPU
		{2C5F03F5-CEA2-466C-A488-148D9270E8BE}.Debug|Any CPU.ActiveCfg = Debug|Any CPU
		{2C5F03F5-CEA2-466C-A488-148D9270E8BE}.Debug|Any CPU.Build.0 = Debug|Any CPU
		{2C5F03F5-CEA2-466C-A488-148D9270E8BE}.Release|Any CPU.ActiveCfg = Release|Any CPU
		{2C5F03F5-CEA2-466C-A488-148D9270E8BE}.Release|Any CPU.Build.0 = Release|Any CPU
		{A8AFF50C-92BF-4879-A717-0F67F28228B3}.Debug|Any CPU.ActiveCfg = Debug|Any CPU
		{A8AFF50C-92BF-4879-A717-0F67F28228B3}.Debug|Any CPU.Build.0 = Debug|Any CPU
		{A8AFF50C-92BF-4879-A717-0F67F28228B3}.Release|Any CPU.ActiveCfg = Release|Any CPU
		{A8AFF50C-92BF-4879-A717-0F67F28228B3}.Release|Any CPU.Build.0 = Release|Any CPU
	EndGlobalSection
	GlobalSection(SolutionProperties) = preSolution
		HideSolutionNode = FALSE
	EndGlobalSection
	GlobalSection(ExtensibilityGlobals) = postSolution
		SolutionGuid = {2D174D05-2D37-4E5C-B0F9-0D1839078A80}
	EndGlobalSection
EndGlobal
